// !$*UTF8*$!
{
	archiveVersion = 1;
	classes = {
	};
	objectVersion = 56;
	objects = {

/* Begin PBXBuildFile section */
		99008CDD2C6C985300DC836C /* AppDelegate.swift in Sources */ = {isa = PBXBuildFile; fileRef = 99008CDC2C6C985300DC836C /* AppDelegate.swift */; };
		99008CDF2C6C985300DC836C /* SceneDelegate.swift in Sources */ = {isa = PBXBuildFile; fileRef = 99008CDE2C6C985300DC836C /* SceneDelegate.swift */; };
		99008CE62C6C985500DC836C /* Assets.xcassets in Resources */ = {isa = PBXBuildFile; fileRef = 99008CE52C6C985500DC836C /* Assets.xcassets */; };
		99008CE92C6C985500DC836C /* Base in Resources */ = {isa = PBXBuildFile; fileRef = 99008CE82C6C985500DC836C /* Base */; };
		99008CF52C6C9A7100DC836C /* BaseViewController.swift in Sources */ = {isa = PBXBuildFile; fileRef = 99008CF42C6C9A7100DC836C /* BaseViewController.swift */; };
		99008CF72C6C9A8900DC836C /* BaseTableViewCell.swift in Sources */ = {isa = PBXBuildFile; fileRef = 99008CF62C6C9A8900DC836C /* BaseTableViewCell.swift */; };
		99008CF92C6C9AB300DC836C /* BaseCollectionViewCell.swift in Sources */ = {isa = PBXBuildFile; fileRef = 99008CF82C6C9AB300DC836C /* BaseCollectionViewCell.swift */; };
		99008CFC2C6C9B3100DC836C /* ViewModelType.swift in Sources */ = {isa = PBXBuildFile; fileRef = 99008CFB2C6C9B3100DC836C /* ViewModelType.swift */; };
		99008CFF2C6C9B8600DC836C /* UIViewController+Extension.swift in Sources */ = {isa = PBXBuildFile; fileRef = 99008CFE2C6C9B8600DC836C /* UIViewController+Extension.swift */; };
		99008D012C6C9DBA00DC836C /* .gitignore in Resources */ = {isa = PBXBuildFile; fileRef = 99008D002C6C9DBA00DC836C /* .gitignore */; };
		99008D032C6C9DD600DC836C /* APIKey.swift in Sources */ = {isa = PBXBuildFile; fileRef = 99008D022C6C9DD600DC836C /* APIKey.swift */; };
		99008D052C6C9E5900DC836C /* ReuseIdentifier.swift in Sources */ = {isa = PBXBuildFile; fileRef = 99008D042C6C9E5900DC836C /* ReuseIdentifier.swift */; };
		99008D072C6C9ED700DC836C /* UIColor+Extension.swift in Sources */ = {isa = PBXBuildFile; fileRef = 99008D062C6C9ED700DC836C /* UIColor+Extension.swift */; };
		99008D0A2C6CC2CA00DC836C /* Color.swift in Sources */ = {isa = PBXBuildFile; fileRef = 99008D092C6CC2CA00DC836C /* Color.swift */; };
		99008D0C2C6CC31500DC836C /* Font.swift in Sources */ = {isa = PBXBuildFile; fileRef = 99008D0B2C6CC31500DC836C /* Font.swift */; };
		99008D112C6D958B00DC836C /* SignInViewController.swift in Sources */ = {isa = PBXBuildFile; fileRef = 99008D102C6D958B00DC836C /* SignInViewController.swift */; };
		99008D242C6D965600DC836C /* SignTextField.swift in Sources */ = {isa = PBXBuildFile; fileRef = 99008D232C6D965600DC836C /* SignTextField.swift */; };
		99008D262C6D9A8600DC836C /* BaseButton.swift in Sources */ = {isa = PBXBuildFile; fileRef = 99008D252C6D9A8600DC836C /* BaseButton.swift */; };
		99008D292C6D9E5500DC836C /* EmailValidViewController.swift in Sources */ = {isa = PBXBuildFile; fileRef = 99008D282C6D9E5500DC836C /* EmailValidViewController.swift */; };
		99008D2D2C6DD65500DC836C /* PasswordViewController.swift in Sources */ = {isa = PBXBuildFile; fileRef = 99008D2C2C6DD65500DC836C /* PasswordViewController.swift */; };
		99008D312C6DD7DB00DC836C /* NicknameViewController.swift in Sources */ = {isa = PBXBuildFile; fileRef = 99008D302C6DD7DB00DC836C /* NicknameViewController.swift */; };
		99008D342C6DD89800DC836C /* BirthDayViewController.swift in Sources */ = {isa = PBXBuildFile; fileRef = 99008D332C6DD89800DC836C /* BirthDayViewController.swift */; };
		99008D3B2C6DF8EA00DC836C /* Header.swift in Sources */ = {isa = PBXBuildFile; fileRef = 99008D3A2C6DF8EA00DC836C /* Header.swift */; };
		99008D3D2C6DF8FD00DC836C /* Router.swift in Sources */ = {isa = PBXBuildFile; fileRef = 99008D3C2C6DF8FD00DC836C /* Router.swift */; };
		99008D3F2C6DF95400DC836C /* UserDefaultsManeger.swift in Sources */ = {isa = PBXBuildFile; fileRef = 99008D3E2C6DF95400DC836C /* UserDefaultsManeger.swift */; };
		99008D412C6DF97800DC836C /* TargetType.swift in Sources */ = {isa = PBXBuildFile; fileRef = 99008D402C6DF97800DC836C /* TargetType.swift */; };
		99008D452C6DF9FC00DC836C /* NetworkManeger.swift in Sources */ = {isa = PBXBuildFile; fileRef = 99008D442C6DF9FC00DC836C /* NetworkManeger.swift */; };
		99008D482C6DFA1F00DC836C /* Login.swift in Sources */ = {isa = PBXBuildFile; fileRef = 99008D472C6DFA1F00DC836C /* Login.swift */; };
		99008D4A2C6DFA3000DC836C /* Profile.swift in Sources */ = {isa = PBXBuildFile; fileRef = 99008D492C6DFA3000DC836C /* Profile.swift */; };
		99008D4C2C6DFA4800DC836C /* Refresh.swift in Sources */ = {isa = PBXBuildFile; fileRef = 99008D4B2C6DFA4800DC836C /* Refresh.swift */; };
		99008D4E2C6DFA5100DC836C /* FileModel.swift in Sources */ = {isa = PBXBuildFile; fileRef = 99008D4D2C6DFA5100DC836C /* FileModel.swift */; };
		99008D512C6DFA8D00DC836C /* LoginQuery.swift in Sources */ = {isa = PBXBuildFile; fileRef = 99008D502C6DFA8D00DC836C /* LoginQuery.swift */; };
		99008D532C6E0C9800DC836C /* SignInViewModel.swift in Sources */ = {isa = PBXBuildFile; fileRef = 99008D522C6E0C9800DC836C /* SignInViewModel.swift */; };
		99008D562C6F37B700DC836C /* HomeTabBarController.swift in Sources */ = {isa = PBXBuildFile; fileRef = 99008D552C6F37B700DC836C /* HomeTabBarController.swift */; };
		99008D582C6F37D700DC836C /* Image.swift in Sources */ = {isa = PBXBuildFile; fileRef = 99008D572C6F37D700DC836C /* Image.swift */; };
		99008D5E2C6F42E800DC836C /* UniformListViewController.swift in Sources */ = {isa = PBXBuildFile; fileRef = 99008D5D2C6F42E800DC836C /* UniformListViewController.swift */; };
		99008D602C6F430100DC836C /* UniformStyleFeedViewController.swift in Sources */ = {isa = PBXBuildFile; fileRef = 99008D5F2C6F430100DC836C /* UniformStyleFeedViewController.swift */; };
		99008D622C6F431600DC836C /* AddPostViewController.swift in Sources */ = {isa = PBXBuildFile; fileRef = 99008D612C6F431600DC836C /* AddPostViewController.swift */; };
		99008D642C6F432B00DC836C /* ProfileViewController.swift in Sources */ = {isa = PBXBuildFile; fileRef = 99008D632C6F432B00DC836C /* ProfileViewController.swift */; };
		99008D662C70CCBB00DC836C /* FetchPost.swift in Sources */ = {isa = PBXBuildFile; fileRef = 99008D652C70CCBB00DC836C /* FetchPost.swift */; };
		99008D682C716E5D00DC836C /* Alamofire in Frameworks */ = {isa = PBXBuildFile; productRef = 99008D672C716E5D00DC836C /* Alamofire */; };
		99008D6A2C716E6600DC836C /* SnapKit in Frameworks */ = {isa = PBXBuildFile; productRef = 99008D692C716E6600DC836C /* SnapKit */; };
		99008D6C2C716E7500DC836C /* RxCocoa in Frameworks */ = {isa = PBXBuildFile; productRef = 99008D6B2C716E7500DC836C /* RxCocoa */; };
		99008D6E2C716E7500DC836C /* RxSwift in Frameworks */ = {isa = PBXBuildFile; productRef = 99008D6D2C716E7500DC836C /* RxSwift */; };
		99008D702C716E8300DC836C /* Kingfisher in Frameworks */ = {isa = PBXBuildFile; productRef = 99008D6F2C716E8300DC836C /* Kingfisher */; };
		99008D742C71A55000DC836C /* EmailValidViewModel.swift in Sources */ = {isa = PBXBuildFile; fileRef = 99008D732C71A55000DC836C /* EmailValidViewModel.swift */; };
		99008D762C71AE9700DC836C /* ValidEmail.swift in Sources */ = {isa = PBXBuildFile; fileRef = 99008D752C71AE9700DC836C /* ValidEmail.swift */; };
		99008D782C71BEFD00DC836C /* LeagueFilterCollectionViewCell.swift in Sources */ = {isa = PBXBuildFile; fileRef = 99008D772C71BEFC00DC836C /* LeagueFilterCollectionViewCell.swift */; };
		99008D7A2C71CD5B00DC836C /* UniformListCollectionViewCell.swift in Sources */ = {isa = PBXBuildFile; fileRef = 99008D792C71CD5B00DC836C /* UniformListCollectionViewCell.swift */; };
		992F6BA62C76280900C59543 /* UniformListViewModel.swift in Sources */ = {isa = PBXBuildFile; fileRef = 992F6BA52C76280900C59543 /* UniformListViewModel.swift */; };
		992F6BB52C77552000C59543 /* EditPostQuery.swift in Sources */ = {isa = PBXBuildFile; fileRef = 992F6BB42C77552000C59543 /* EditPostQuery.swift */; };
		992F6BB72C79663D00C59543 /* AddPaddingLabel.swift in Sources */ = {isa = PBXBuildFile; fileRef = 992F6BB62C79663D00C59543 /* AddPaddingLabel.swift */; };
		992F6BB92C7968A800C59543 /* CollectionView.swift in Sources */ = {isa = PBXBuildFile; fileRef = 992F6BB82C7968A800C59543 /* CollectionView.swift */; };
		992F6BBC2C79A9F000C59543 /* UniformListDetailViewController.swift in Sources */ = {isa = PBXBuildFile; fileRef = 992F6BBB2C79A9F000C59543 /* UniformListDetailViewController.swift */; };
		992F6BBF2C79ABC200C59543 /* Then in Frameworks */ = {isa = PBXBuildFile; productRef = 992F6BBE2C79ABC200C59543 /* Then */; };
		9959C7162C74462D006208CA /* GoogleService-Info.plist in Resources */ = {isa = PBXBuildFile; fileRef = 9959C7152C74462D006208CA /* GoogleService-Info.plist */; };
		9959C7192C744661006208CA /* FirebaseAnalyticsWithoutAdIdSupport in Frameworks */ = {isa = PBXBuildFile; productRef = 9959C7182C744661006208CA /* FirebaseAnalyticsWithoutAdIdSupport */; };
		9959C71B2C744661006208CA /* FirebaseCrashlytics in Frameworks */ = {isa = PBXBuildFile; productRef = 9959C71A2C744661006208CA /* FirebaseCrashlytics */; };
/* End PBXBuildFile section */

/* Begin PBXFileReference section */
		99008CD92C6C985300DC836C /* UniFormLife.app */ = {isa = PBXFileReference; explicitFileType = wrapper.application; includeInIndex = 0; path = UniFormLife.app; sourceTree = BUILT_PRODUCTS_DIR; };
		99008CDC2C6C985300DC836C /* AppDelegate.swift */ = {isa = PBXFileReference; lastKnownFileType = sourcecode.swift; path = AppDelegate.swift; sourceTree = "<group>"; };
		99008CDE2C6C985300DC836C /* SceneDelegate.swift */ = {isa = PBXFileReference; lastKnownFileType = sourcecode.swift; path = SceneDelegate.swift; sourceTree = "<group>"; };
		99008CE52C6C985500DC836C /* Assets.xcassets */ = {isa = PBXFileReference; lastKnownFileType = folder.assetcatalog; path = Assets.xcassets; sourceTree = "<group>"; };
		99008CE82C6C985500DC836C /* Base */ = {isa = PBXFileReference; lastKnownFileType = file.storyboard; name = Base; path = Base.lproj/LaunchScreen.storyboard; sourceTree = "<group>"; };
		99008CEA2C6C985500DC836C /* Info.plist */ = {isa = PBXFileReference; lastKnownFileType = text.plist.xml; path = Info.plist; sourceTree = "<group>"; };
		99008CF42C6C9A7100DC836C /* BaseViewController.swift */ = {isa = PBXFileReference; lastKnownFileType = sourcecode.swift; path = BaseViewController.swift; sourceTree = "<group>"; };
		99008CF62C6C9A8900DC836C /* BaseTableViewCell.swift */ = {isa = PBXFileReference; lastKnownFileType = sourcecode.swift; path = BaseTableViewCell.swift; sourceTree = "<group>"; };
		99008CF82C6C9AB300DC836C /* BaseCollectionViewCell.swift */ = {isa = PBXFileReference; lastKnownFileType = sourcecode.swift; path = BaseCollectionViewCell.swift; sourceTree = "<group>"; };
		99008CFB2C6C9B3100DC836C /* ViewModelType.swift */ = {isa = PBXFileReference; lastKnownFileType = sourcecode.swift; path = ViewModelType.swift; sourceTree = "<group>"; };
		99008CFE2C6C9B8600DC836C /* UIViewController+Extension.swift */ = {isa = PBXFileReference; lastKnownFileType = sourcecode.swift; path = "UIViewController+Extension.swift"; sourceTree = "<group>"; };
		99008D002C6C9DBA00DC836C /* .gitignore */ = {isa = PBXFileReference; lastKnownFileType = text; path = .gitignore; sourceTree = "<group>"; };
		99008D022C6C9DD600DC836C /* APIKey.swift */ = {isa = PBXFileReference; lastKnownFileType = sourcecode.swift; path = APIKey.swift; sourceTree = "<group>"; };
		99008D042C6C9E5900DC836C /* ReuseIdentifier.swift */ = {isa = PBXFileReference; lastKnownFileType = sourcecode.swift; path = ReuseIdentifier.swift; sourceTree = "<group>"; };
		99008D062C6C9ED700DC836C /* UIColor+Extension.swift */ = {isa = PBXFileReference; lastKnownFileType = sourcecode.swift; path = "UIColor+Extension.swift"; sourceTree = "<group>"; };
		99008D092C6CC2CA00DC836C /* Color.swift */ = {isa = PBXFileReference; lastKnownFileType = sourcecode.swift; path = Color.swift; sourceTree = "<group>"; };
		99008D0B2C6CC31500DC836C /* Font.swift */ = {isa = PBXFileReference; lastKnownFileType = sourcecode.swift; path = Font.swift; sourceTree = "<group>"; };
		99008D102C6D958B00DC836C /* SignInViewController.swift */ = {isa = PBXFileReference; lastKnownFileType = sourcecode.swift; path = SignInViewController.swift; sourceTree = "<group>"; };
		99008D232C6D965600DC836C /* SignTextField.swift */ = {isa = PBXFileReference; lastKnownFileType = sourcecode.swift; path = SignTextField.swift; sourceTree = "<group>"; };
		99008D252C6D9A8600DC836C /* BaseButton.swift */ = {isa = PBXFileReference; lastKnownFileType = sourcecode.swift; path = BaseButton.swift; sourceTree = "<group>"; };
		99008D282C6D9E5500DC836C /* EmailValidViewController.swift */ = {isa = PBXFileReference; lastKnownFileType = sourcecode.swift; path = EmailValidViewController.swift; sourceTree = "<group>"; };
		99008D2C2C6DD65500DC836C /* PasswordViewController.swift */ = {isa = PBXFileReference; lastKnownFileType = sourcecode.swift; path = PasswordViewController.swift; sourceTree = "<group>"; };
		99008D302C6DD7DB00DC836C /* NicknameViewController.swift */ = {isa = PBXFileReference; lastKnownFileType = sourcecode.swift; path = NicknameViewController.swift; sourceTree = "<group>"; };
		99008D332C6DD89800DC836C /* BirthDayViewController.swift */ = {isa = PBXFileReference; lastKnownFileType = sourcecode.swift; path = BirthDayViewController.swift; sourceTree = "<group>"; };
		99008D3A2C6DF8EA00DC836C /* Header.swift */ = {isa = PBXFileReference; lastKnownFileType = sourcecode.swift; path = Header.swift; sourceTree = "<group>"; };
		99008D3C2C6DF8FD00DC836C /* Router.swift */ = {isa = PBXFileReference; lastKnownFileType = sourcecode.swift; path = Router.swift; sourceTree = "<group>"; };
		99008D3E2C6DF95400DC836C /* UserDefaultsManeger.swift */ = {isa = PBXFileReference; lastKnownFileType = sourcecode.swift; path = UserDefaultsManeger.swift; sourceTree = "<group>"; };
		99008D402C6DF97800DC836C /* TargetType.swift */ = {isa = PBXFileReference; lastKnownFileType = sourcecode.swift; path = TargetType.swift; sourceTree = "<group>"; };
		99008D442C6DF9FC00DC836C /* NetworkManeger.swift */ = {isa = PBXFileReference; lastKnownFileType = sourcecode.swift; path = NetworkManeger.swift; sourceTree = "<group>"; };
		99008D472C6DFA1F00DC836C /* Login.swift */ = {isa = PBXFileReference; lastKnownFileType = sourcecode.swift; path = Login.swift; sourceTree = "<group>"; };
		99008D492C6DFA3000DC836C /* Profile.swift */ = {isa = PBXFileReference; lastKnownFileType = sourcecode.swift; path = Profile.swift; sourceTree = "<group>"; };
		99008D4B2C6DFA4800DC836C /* Refresh.swift */ = {isa = PBXFileReference; lastKnownFileType = sourcecode.swift; path = Refresh.swift; sourceTree = "<group>"; };
		99008D4D2C6DFA5100DC836C /* FileModel.swift */ = {isa = PBXFileReference; lastKnownFileType = sourcecode.swift; path = FileModel.swift; sourceTree = "<group>"; };
		99008D502C6DFA8D00DC836C /* LoginQuery.swift */ = {isa = PBXFileReference; lastKnownFileType = sourcecode.swift; path = LoginQuery.swift; sourceTree = "<group>"; };
		99008D522C6E0C9800DC836C /* SignInViewModel.swift */ = {isa = PBXFileReference; lastKnownFileType = sourcecode.swift; path = SignInViewModel.swift; sourceTree = "<group>"; };
		99008D552C6F37B700DC836C /* HomeTabBarController.swift */ = {isa = PBXFileReference; lastKnownFileType = sourcecode.swift; path = HomeTabBarController.swift; sourceTree = "<group>"; };
		99008D572C6F37D700DC836C /* Image.swift */ = {isa = PBXFileReference; lastKnownFileType = sourcecode.swift; path = Image.swift; sourceTree = "<group>"; };
		99008D5D2C6F42E800DC836C /* UniformListViewController.swift */ = {isa = PBXFileReference; lastKnownFileType = sourcecode.swift; path = UniformListViewController.swift; sourceTree = "<group>"; };
		99008D5F2C6F430100DC836C /* UniformStyleFeedViewController.swift */ = {isa = PBXFileReference; lastKnownFileType = sourcecode.swift; path = UniformStyleFeedViewController.swift; sourceTree = "<group>"; };
		99008D612C6F431600DC836C /* AddPostViewController.swift */ = {isa = PBXFileReference; lastKnownFileType = sourcecode.swift; path = AddPostViewController.swift; sourceTree = "<group>"; };
		99008D632C6F432B00DC836C /* ProfileViewController.swift */ = {isa = PBXFileReference; lastKnownFileType = sourcecode.swift; path = ProfileViewController.swift; sourceTree = "<group>"; };
		99008D652C70CCBB00DC836C /* FetchPost.swift */ = {isa = PBXFileReference; lastKnownFileType = sourcecode.swift; path = FetchPost.swift; sourceTree = "<group>"; };
		99008D732C71A55000DC836C /* EmailValidViewModel.swift */ = {isa = PBXFileReference; lastKnownFileType = sourcecode.swift; path = EmailValidViewModel.swift; sourceTree = "<group>"; };
		99008D752C71AE9700DC836C /* ValidEmail.swift */ = {isa = PBXFileReference; lastKnownFileType = sourcecode.swift; path = ValidEmail.swift; sourceTree = "<group>"; };
		99008D772C71BEFC00DC836C /* LeagueFilterCollectionViewCell.swift */ = {isa = PBXFileReference; lastKnownFileType = sourcecode.swift; path = LeagueFilterCollectionViewCell.swift; sourceTree = "<group>"; };
		99008D792C71CD5B00DC836C /* UniformListCollectionViewCell.swift */ = {isa = PBXFileReference; lastKnownFileType = sourcecode.swift; path = UniformListCollectionViewCell.swift; sourceTree = "<group>"; };
		992F6BA52C76280900C59543 /* UniformListViewModel.swift */ = {isa = PBXFileReference; lastKnownFileType = sourcecode.swift; path = UniformListViewModel.swift; sourceTree = "<group>"; };
		992F6BB42C77552000C59543 /* EditPostQuery.swift */ = {isa = PBXFileReference; lastKnownFileType = sourcecode.swift; path = EditPostQuery.swift; sourceTree = "<group>"; };
		992F6BB62C79663D00C59543 /* AddPaddingLabel.swift */ = {isa = PBXFileReference; lastKnownFileType = sourcecode.swift; path = AddPaddingLabel.swift; sourceTree = "<group>"; };
		992F6BB82C7968A800C59543 /* CollectionView.swift */ = {isa = PBXFileReference; lastKnownFileType = sourcecode.swift; path = CollectionView.swift; sourceTree = "<group>"; };
		992F6BBB2C79A9F000C59543 /* UniformListDetailViewController.swift */ = {isa = PBXFileReference; lastKnownFileType = sourcecode.swift; path = UniformListDetailViewController.swift; sourceTree = "<group>"; };
		9959C7152C74462D006208CA /* GoogleService-Info.plist */ = {isa = PBXFileReference; fileEncoding = 4; lastKnownFileType = text.plist.xml; path = "GoogleService-Info.plist"; sourceTree = "<group>"; };
/* End PBXFileReference section */

/* Begin PBXFrameworksBuildPhase section */
		99008CD62C6C985300DC836C /* Frameworks */ = {
			isa = PBXFrameworksBuildPhase;
			buildActionMask = 2147483647;
			files = (
				99008D6C2C716E7500DC836C /* RxCocoa in Frameworks */,
				9959C7192C744661006208CA /* FirebaseAnalyticsWithoutAdIdSupport in Frameworks */,
				99008D682C716E5D00DC836C /* Alamofire in Frameworks */,
				992F6BBF2C79ABC200C59543 /* Then in Frameworks */,
				9959C71B2C744661006208CA /* FirebaseCrashlytics in Frameworks */,
				99008D6E2C716E7500DC836C /* RxSwift in Frameworks */,
				99008D6A2C716E6600DC836C /* SnapKit in Frameworks */,
				99008D702C716E8300DC836C /* Kingfisher in Frameworks */,
			);
			runOnlyForDeploymentPostprocessing = 0;
		};
/* End PBXFrameworksBuildPhase section */

/* Begin PBXGroup section */
		99008CD02C6C985300DC836C = {
			isa = PBXGroup;
			children = (
				99008D002C6C9DBA00DC836C /* .gitignore */,
				99008CDB2C6C985300DC836C /* UniFormLife */,
				99008CDA2C6C985300DC836C /* Products */,
			);
			sourceTree = "<group>";
		};
		99008CDA2C6C985300DC836C /* Products */ = {
			isa = PBXGroup;
			children = (
				99008CD92C6C985300DC836C /* UniFormLife.app */,
			);
			name = Products;
			sourceTree = "<group>";
		};
		99008CDB2C6C985300DC836C /* UniFormLife */ = {
			isa = PBXGroup;
			children = (
				99008D4F2C6DFA8100DC836C /* LoginQuery */,
				99008D462C6DFA1800DC836C /* Model */,
				99008D392C6DF8DB00DC836C /* Network */,
				99008CF02C6C9A4600DC836C /* Base */,
				99008CFA2C6C9B0F00DC836C /* Protocol */,
				99008CFD2C6C9B7A00DC836C /* Extension */,
				99008D082C6CC2C400DC836C /* Resource */,
				99008D0D2C6CC32E00DC836C /* CustomView */,
				99008D0E2C6D955D00DC836C /* View */,
				99008CDE2C6C985300DC836C /* SceneDelegate.swift */,
				99008CDC2C6C985300DC836C /* AppDelegate.swift */,
				99008CE52C6C985500DC836C /* Assets.xcassets */,
				99008CE72C6C985500DC836C /* LaunchScreen.storyboard */,
				9959C7152C74462D006208CA /* GoogleService-Info.plist */,
				99008CEA2C6C985500DC836C /* Info.plist */,
				99008D022C6C9DD600DC836C /* APIKey.swift */,
			);
			path = UniFormLife;
			sourceTree = "<group>";
		};
		99008CF02C6C9A4600DC836C /* Base */ = {
			isa = PBXGroup;
			children = (
				99008CF42C6C9A7100DC836C /* BaseViewController.swift */,
				99008CF62C6C9A8900DC836C /* BaseTableViewCell.swift */,
				99008CF82C6C9AB300DC836C /* BaseCollectionViewCell.swift */,
			);
			path = Base;
			sourceTree = "<group>";
		};
		99008CFA2C6C9B0F00DC836C /* Protocol */ = {
			isa = PBXGroup;
			children = (
				99008CFB2C6C9B3100DC836C /* ViewModelType.swift */,
			);
			path = Protocol;
			sourceTree = "<group>";
		};
		99008CFD2C6C9B7A00DC836C /* Extension */ = {
			isa = PBXGroup;
			children = (
				99008CFE2C6C9B8600DC836C /* UIViewController+Extension.swift */,
				99008D042C6C9E5900DC836C /* ReuseIdentifier.swift */,
				99008D062C6C9ED700DC836C /* UIColor+Extension.swift */,
			);
			path = Extension;
			sourceTree = "<group>";
		};
		99008D082C6CC2C400DC836C /* Resource */ = {
			isa = PBXGroup;
			children = (
				99008D092C6CC2CA00DC836C /* Color.swift */,
				99008D0B2C6CC31500DC836C /* Font.swift */,
				99008D572C6F37D700DC836C /* Image.swift */,
				992F6BB82C7968A800C59543 /* CollectionView.swift */,
			);
			path = Resource;
			sourceTree = "<group>";
		};
		99008D0D2C6CC32E00DC836C /* CustomView */ = {
			isa = PBXGroup;
			children = (
				99008D232C6D965600DC836C /* SignTextField.swift */,
				99008D252C6D9A8600DC836C /* BaseButton.swift */,
				992F6BB62C79663D00C59543 /* AddPaddingLabel.swift */,
			);
			path = CustomView;
			sourceTree = "<group>";
		};
		99008D0E2C6D955D00DC836C /* View */ = {
			isa = PBXGroup;
			children = (
				99008D5C2C6F421E00DC836C /* UniformList */,
				99008D5B2C6F41FA00DC836C /* Feed */,
				99008D5A2C6F41F800DC836C /* AddPost */,
				99008D592C6F41E800DC836C /* Profile */,
				99008D542C6F378700DC836C /* TabBar */,
				99008D2E2C6DD79B00DC836C /* Account */,
			);
			path = View;
			sourceTree = "<group>";
		};
		99008D0F2C6D957000DC836C /* SingIn */ = {
			isa = PBXGroup;
			children = (
				99008D102C6D958B00DC836C /* SignInViewController.swift */,
				99008D522C6E0C9800DC836C /* SignInViewModel.swift */,
			);
			path = SingIn;
			sourceTree = "<group>";
		};
		99008D272C6D9E3B00DC836C /* Email */ = {
			isa = PBXGroup;
			children = (
				99008D282C6D9E5500DC836C /* EmailValidViewController.swift */,
				99008D732C71A55000DC836C /* EmailValidViewModel.swift */,
			);
			path = Email;
			sourceTree = "<group>";
		};
		99008D2B2C6DD63F00DC836C /* Password */ = {
			isa = PBXGroup;
			children = (
				99008D2C2C6DD65500DC836C /* PasswordViewController.swift */,
			);
			path = Password;
			sourceTree = "<group>";
		};
		99008D2E2C6DD79B00DC836C /* Account */ = {
			isa = PBXGroup;
			children = (
				99008D0F2C6D957000DC836C /* SingIn */,
				99008D272C6D9E3B00DC836C /* Email */,
				99008D2B2C6DD63F00DC836C /* Password */,
				99008D2F2C6DD7B100DC836C /* NickName */,
				99008D322C6DD88300DC836C /* Birthday */,
			);
			path = Account;
			sourceTree = "<group>";
		};
		99008D2F2C6DD7B100DC836C /* NickName */ = {
			isa = PBXGroup;
			children = (
				99008D302C6DD7DB00DC836C /* NicknameViewController.swift */,
			);
			path = NickName;
			sourceTree = "<group>";
		};
		99008D322C6DD88300DC836C /* Birthday */ = {
			isa = PBXGroup;
			children = (
				99008D332C6DD89800DC836C /* BirthDayViewController.swift */,
			);
			path = Birthday;
			sourceTree = "<group>";
		};
		99008D392C6DF8DB00DC836C /* Network */ = {
			isa = PBXGroup;
			children = (
				99008D3A2C6DF8EA00DC836C /* Header.swift */,
				99008D3C2C6DF8FD00DC836C /* Router.swift */,
				99008D3E2C6DF95400DC836C /* UserDefaultsManeger.swift */,
				99008D402C6DF97800DC836C /* TargetType.swift */,
				99008D442C6DF9FC00DC836C /* NetworkManeger.swift */,
			);
			path = Network;
			sourceTree = "<group>";
		};
		99008D462C6DFA1800DC836C /* Model */ = {
			isa = PBXGroup;
			children = (
				99008D472C6DFA1F00DC836C /* Login.swift */,
				99008D492C6DFA3000DC836C /* Profile.swift */,
				99008D4B2C6DFA4800DC836C /* Refresh.swift */,
				99008D4D2C6DFA5100DC836C /* FileModel.swift */,
				99008D652C70CCBB00DC836C /* FetchPost.swift */,
				99008D752C71AE9700DC836C /* ValidEmail.swift */,
			);
			path = Model;
			sourceTree = "<group>";
		};
		99008D4F2C6DFA8100DC836C /* LoginQuery */ = {
			isa = PBXGroup;
			children = (
				99008D502C6DFA8D00DC836C /* LoginQuery.swift */,
				992F6BB42C77552000C59543 /* EditPostQuery.swift */,
			);
			path = LoginQuery;
			sourceTree = "<group>";
		};
		99008D542C6F378700DC836C /* TabBar */ = {
			isa = PBXGroup;
			children = (
				99008D552C6F37B700DC836C /* HomeTabBarController.swift */,
			);
			path = TabBar;
			sourceTree = "<group>";
		};
		99008D592C6F41E800DC836C /* Profile */ = {
			isa = PBXGroup;
			children = (
				99008D632C6F432B00DC836C /* ProfileViewController.swift */,
			);
			path = Profile;
			sourceTree = "<group>";
		};
		99008D5A2C6F41F800DC836C /* AddPost */ = {
			isa = PBXGroup;
			children = (
				99008D612C6F431600DC836C /* AddPostViewController.swift */,
			);
			path = AddPost;
			sourceTree = "<group>";
		};
		99008D5B2C6F41FA00DC836C /* Feed */ = {
			isa = PBXGroup;
			children = (
				99008D5F2C6F430100DC836C /* UniformStyleFeedViewController.swift */,
			);
			path = Feed;
			sourceTree = "<group>";
		};
		99008D5C2C6F421E00DC836C /* UniformList */ = {
			isa = PBXGroup;
			children = (
				992F6BBA2C79A9D500C59543 /* Detail */,
				99008D5D2C6F42E800DC836C /* UniformListViewController.swift */,
				99008D772C71BEFC00DC836C /* LeagueFilterCollectionViewCell.swift */,
				99008D792C71CD5B00DC836C /* UniformListCollectionViewCell.swift */,
				992F6BA52C76280900C59543 /* UniformListViewModel.swift */,
			);
			path = UniformList;
			sourceTree = "<group>";
		};
		992F6BBA2C79A9D500C59543 /* Detail */ = {
			isa = PBXGroup;
			children = (
				992F6BBB2C79A9F000C59543 /* UniformListDetailViewController.swift */,
			);
			path = Detail;
			sourceTree = "<group>";
		};
/* End PBXGroup section */

/* Begin PBXNativeTarget section */
		99008CD82C6C985300DC836C /* UniFormLife */ = {
			isa = PBXNativeTarget;
			buildConfigurationList = 99008CED2C6C985500DC836C /* Build configuration list for PBXNativeTarget "UniFormLife" */;
			buildPhases = (
				99008CD52C6C985300DC836C /* Sources */,
				99008CD62C6C985300DC836C /* Frameworks */,
				99008CD72C6C985300DC836C /* Resources */,
				9959C71C2C744767006208CA /* ShellScript */,
			);
			buildRules = (
			);
			dependencies = (
			);
			name = UniFormLife;
			packageProductDependencies = (
				99008D672C716E5D00DC836C /* Alamofire */,
				99008D692C716E6600DC836C /* SnapKit */,
				99008D6B2C716E7500DC836C /* RxCocoa */,
				99008D6D2C716E7500DC836C /* RxSwift */,
				99008D6F2C716E8300DC836C /* Kingfisher */,
				9959C7182C744661006208CA /* FirebaseAnalyticsWithoutAdIdSupport */,
				9959C71A2C744661006208CA /* FirebaseCrashlytics */,
				992F6BBE2C79ABC200C59543 /* Then */,
			);
			productName = UniFormLife;
			productReference = 99008CD92C6C985300DC836C /* UniFormLife.app */;
			productType = "com.apple.product-type.application";
		};
/* End PBXNativeTarget section */

/* Begin PBXProject section */
		99008CD12C6C985300DC836C /* Project object */ = {
			isa = PBXProject;
			attributes = {
				BuildIndependentTargetsInParallel = 1;
				LastSwiftUpdateCheck = 1530;
				LastUpgradeCheck = 1530;
				TargetAttributes = {
					99008CD82C6C985300DC836C = {
						CreatedOnToolsVersion = 15.3;
					};
				};
			};
			buildConfigurationList = 99008CD42C6C985300DC836C /* Build configuration list for PBXProject "UniFormLife" */;
			compatibilityVersion = "Xcode 14.0";
			developmentRegion = en;
			hasScannedForEncodings = 0;
			knownRegions = (
				en,
				Base,
			);
			mainGroup = 99008CD02C6C985300DC836C;
			packageReferences = (
				99008D122C6D95A400DC836C /* XCRemoteSwiftPackageReference "RxSwift" */,
				99008D172C6D95B300DC836C /* XCRemoteSwiftPackageReference "Alamofire" */,
				99008D1A2C6D95BC00DC836C /* XCRemoteSwiftPackageReference "SnapKit" */,
				99008D1D2C6D95CF00DC836C /* XCRemoteSwiftPackageReference "Kingfisher" */,
				99008D202C6D95DA00DC836C /* XCRemoteSwiftPackageReference "Toast-Swift" */,
				9959C7172C744661006208CA /* XCRemoteSwiftPackageReference "firebase-ios-sdk" */,
				992F6BBD2C79ABC200C59543 /* XCRemoteSwiftPackageReference "Then" */,
			);
			productRefGroup = 99008CDA2C6C985300DC836C /* Products */;
			projectDirPath = "";
			projectRoot = "";
			targets = (
				99008CD82C6C985300DC836C /* UniFormLife */,
			);
		};
/* End PBXProject section */

/* Begin PBXResourcesBuildPhase section */
		99008CD72C6C985300DC836C /* Resources */ = {
			isa = PBXResourcesBuildPhase;
			buildActionMask = 2147483647;
			files = (
				99008CE62C6C985500DC836C /* Assets.xcassets in Resources */,
				9959C7162C74462D006208CA /* GoogleService-Info.plist in Resources */,
				99008D012C6C9DBA00DC836C /* .gitignore in Resources */,
				99008CE92C6C985500DC836C /* Base in Resources */,
			);
			runOnlyForDeploymentPostprocessing = 0;
		};
/* End PBXResourcesBuildPhase section */

/* Begin PBXShellScriptBuildPhase section */
		9959C71C2C744767006208CA /* ShellScript */ = {
			isa = PBXShellScriptBuildPhase;
			buildActionMask = 2147483647;
			files = (
			);
			inputFileListPaths = (
			);
			inputPaths = (
				"${DWARF_DSYM_FOLDER_PATH}/${DWARF_DSYM_FILE_NAME}",
				"${DWARF_DSYM_FOLDER_PATH}/${DWARF_DSYM_FILE_NAME}/Contents/Resources/DWARF/${PRODUCT_NAME}",
				"${DWARF_DSYM_FOLDER_PATH}/${DWARF_DSYM_FILE_NAME}/Contents/Info.plist",
				"$(TARGET_BUILD_DIR)/$(UNLOCALIZED_RESOURCES_FOLDER_PATH)/GoogleService-Info.plist",
				"$(TARGET_BUILD_DIR)/$(EXECUTABLE_PATH)",
			);
			outputFileListPaths = (
			);
			outputPaths = (
			);
			runOnlyForDeploymentPostprocessing = 0;
			shellPath = /bin/sh;
			shellScript = "# Type a script or drag a script file from your workspace to insert its path.\n\"${BUILD_DIR%/Build/*}/SourcePackages/checkouts/firebase-ios-sdk/Crashlytics/run\"\n";
		};
/* End PBXShellScriptBuildPhase section */

/* Begin PBXSourcesBuildPhase section */
		99008CD52C6C985300DC836C /* Sources */ = {
			isa = PBXSourcesBuildPhase;
			buildActionMask = 2147483647;
			files = (
				99008D4C2C6DFA4800DC836C /* Refresh.swift in Sources */,
				99008D3B2C6DF8EA00DC836C /* Header.swift in Sources */,
				99008CFF2C6C9B8600DC836C /* UIViewController+Extension.swift in Sources */,
				99008D412C6DF97800DC836C /* TargetType.swift in Sources */,
				99008D242C6D965600DC836C /* SignTextField.swift in Sources */,
				99008D262C6D9A8600DC836C /* BaseButton.swift in Sources */,
				992F6BA62C76280900C59543 /* UniformListViewModel.swift in Sources */,
				99008D662C70CCBB00DC836C /* FetchPost.swift in Sources */,
				99008D642C6F432B00DC836C /* ProfileViewController.swift in Sources */,
				99008D622C6F431600DC836C /* AddPostViewController.swift in Sources */,
				99008CF52C6C9A7100DC836C /* BaseViewController.swift in Sources */,
				99008D292C6D9E5500DC836C /* EmailValidViewController.swift in Sources */,
				99008D762C71AE9700DC836C /* ValidEmail.swift in Sources */,
				99008D312C6DD7DB00DC836C /* NicknameViewController.swift in Sources */,
				99008D582C6F37D700DC836C /* Image.swift in Sources */,
				99008D452C6DF9FC00DC836C /* NetworkManeger.swift in Sources */,
				992F6BB72C79663D00C59543 /* AddPaddingLabel.swift in Sources */,
				99008D072C6C9ED700DC836C /* UIColor+Extension.swift in Sources */,
				99008D482C6DFA1F00DC836C /* Login.swift in Sources */,
				99008D052C6C9E5900DC836C /* ReuseIdentifier.swift in Sources */,
				992F6BBC2C79A9F000C59543 /* UniformListDetailViewController.swift in Sources */,
				99008CDD2C6C985300DC836C /* AppDelegate.swift in Sources */,
				99008D532C6E0C9800DC836C /* SignInViewModel.swift in Sources */,
				99008D4A2C6DFA3000DC836C /* Profile.swift in Sources */,
				99008D3F2C6DF95400DC836C /* UserDefaultsManeger.swift in Sources */,
				99008D782C71BEFD00DC836C /* LeagueFilterCollectionViewCell.swift in Sources */,
				99008D742C71A55000DC836C /* EmailValidViewModel.swift in Sources */,
				99008D3D2C6DF8FD00DC836C /* Router.swift in Sources */,
				99008D5E2C6F42E800DC836C /* UniformListViewController.swift in Sources */,
				99008D7A2C71CD5B00DC836C /* UniformListCollectionViewCell.swift in Sources */,
				99008CFC2C6C9B3100DC836C /* ViewModelType.swift in Sources */,
				99008D602C6F430100DC836C /* UniformStyleFeedViewController.swift in Sources */,
				99008D0C2C6CC31500DC836C /* Font.swift in Sources */,
				99008D562C6F37B700DC836C /* HomeTabBarController.swift in Sources */,
				99008D512C6DFA8D00DC836C /* LoginQuery.swift in Sources */,
				99008D112C6D958B00DC836C /* SignInViewController.swift in Sources */,
				99008D342C6DD89800DC836C /* BirthDayViewController.swift in Sources */,
				992F6BB92C7968A800C59543 /* CollectionView.swift in Sources */,
				99008CF72C6C9A8900DC836C /* BaseTableViewCell.swift in Sources */,
				99008CDF2C6C985300DC836C /* SceneDelegate.swift in Sources */,
				99008D4E2C6DFA5100DC836C /* FileModel.swift in Sources */,
				99008D0A2C6CC2CA00DC836C /* Color.swift in Sources */,
				992F6BB52C77552000C59543 /* EditPostQuery.swift in Sources */,
				99008D032C6C9DD600DC836C /* APIKey.swift in Sources */,
				99008CF92C6C9AB300DC836C /* BaseCollectionViewCell.swift in Sources */,
				99008D2D2C6DD65500DC836C /* PasswordViewController.swift in Sources */,
			);
			runOnlyForDeploymentPostprocessing = 0;
		};
/* End PBXSourcesBuildPhase section */

/* Begin PBXVariantGroup section */
		99008CE72C6C985500DC836C /* LaunchScreen.storyboard */ = {
			isa = PBXVariantGroup;
			children = (
				99008CE82C6C985500DC836C /* Base */,
			);
			name = LaunchScreen.storyboard;
			sourceTree = "<group>";
		};
/* End PBXVariantGroup section */

/* Begin XCBuildConfiguration section */
		99008CEB2C6C985500DC836C /* Debug */ = {
			isa = XCBuildConfiguration;
			buildSettings = {
				ALWAYS_SEARCH_USER_PATHS = NO;
				ASSETCATALOG_COMPILER_GENERATE_SWIFT_ASSET_SYMBOL_EXTENSIONS = YES;
				CLANG_ANALYZER_NONNULL = YES;
				CLANG_ANALYZER_NUMBER_OBJECT_CONVERSION = YES_AGGRESSIVE;
				CLANG_CXX_LANGUAGE_STANDARD = "gnu++20";
				CLANG_ENABLE_MODULES = YES;
				CLANG_ENABLE_OBJC_ARC = YES;
				CLANG_ENABLE_OBJC_WEAK = YES;
				CLANG_WARN_BLOCK_CAPTURE_AUTORELEASING = YES;
				CLANG_WARN_BOOL_CONVERSION = YES;
				CLANG_WARN_COMMA = YES;
				CLANG_WARN_CONSTANT_CONVERSION = YES;
				CLANG_WARN_DEPRECATED_OBJC_IMPLEMENTATIONS = YES;
				CLANG_WARN_DIRECT_OBJC_ISA_USAGE = YES_ERROR;
				CLANG_WARN_DOCUMENTATION_COMMENTS = YES;
				CLANG_WARN_EMPTY_BODY = YES;
				CLANG_WARN_ENUM_CONVERSION = YES;
				CLANG_WARN_INFINITE_RECURSION = YES;
				CLANG_WARN_INT_CONVERSION = YES;
				CLANG_WARN_NON_LITERAL_NULL_CONVERSION = YES;
				CLANG_WARN_OBJC_IMPLICIT_RETAIN_SELF = YES;
				CLANG_WARN_OBJC_LITERAL_CONVERSION = YES;
				CLANG_WARN_OBJC_ROOT_CLASS = YES_ERROR;
				CLANG_WARN_QUOTED_INCLUDE_IN_FRAMEWORK_HEADER = YES;
				CLANG_WARN_RANGE_LOOP_ANALYSIS = YES;
				CLANG_WARN_STRICT_PROTOTYPES = YES;
				CLANG_WARN_SUSPICIOUS_MOVE = YES;
				CLANG_WARN_UNGUARDED_AVAILABILITY = YES_AGGRESSIVE;
				CLANG_WARN_UNREACHABLE_CODE = YES;
				CLANG_WARN__DUPLICATE_METHOD_MATCH = YES;
				COPY_PHASE_STRIP = NO;
				DEBUG_INFORMATION_FORMAT = "dwarf-with-dsym";
				ENABLE_STRICT_OBJC_MSGSEND = YES;
				ENABLE_TESTABILITY = YES;
				ENABLE_USER_SCRIPT_SANDBOXING = YES;
				GCC_C_LANGUAGE_STANDARD = gnu17;
				GCC_DYNAMIC_NO_PIC = NO;
				GCC_NO_COMMON_BLOCKS = YES;
				GCC_OPTIMIZATION_LEVEL = 0;
				GCC_PREPROCESSOR_DEFINITIONS = (
					"DEBUG=1",
					"$(inherited)",
				);
				GCC_WARN_64_TO_32_BIT_CONVERSION = YES;
				GCC_WARN_ABOUT_RETURN_TYPE = YES_ERROR;
				GCC_WARN_UNDECLARED_SELECTOR = YES;
				GCC_WARN_UNINITIALIZED_AUTOS = YES_AGGRESSIVE;
				GCC_WARN_UNUSED_FUNCTION = YES;
				GCC_WARN_UNUSED_VARIABLE = YES;
				IPHONEOS_DEPLOYMENT_TARGET = 17.4;
				LOCALIZATION_PREFERS_STRING_CATALOGS = YES;
				MTL_ENABLE_DEBUG_INFO = INCLUDE_SOURCE;
				MTL_FAST_MATH = YES;
				ONLY_ACTIVE_ARCH = YES;
				SDKROOT = iphoneos;
				SWIFT_ACTIVE_COMPILATION_CONDITIONS = "DEBUG $(inherited)";
				SWIFT_OPTIMIZATION_LEVEL = "-Onone";
			};
			name = Debug;
		};
		99008CEC2C6C985500DC836C /* Release */ = {
			isa = XCBuildConfiguration;
			buildSettings = {
				ALWAYS_SEARCH_USER_PATHS = NO;
				ASSETCATALOG_COMPILER_GENERATE_SWIFT_ASSET_SYMBOL_EXTENSIONS = YES;
				CLANG_ANALYZER_NONNULL = YES;
				CLANG_ANALYZER_NUMBER_OBJECT_CONVERSION = YES_AGGRESSIVE;
				CLANG_CXX_LANGUAGE_STANDARD = "gnu++20";
				CLANG_ENABLE_MODULES = YES;
				CLANG_ENABLE_OBJC_ARC = YES;
				CLANG_ENABLE_OBJC_WEAK = YES;
				CLANG_WARN_BLOCK_CAPTURE_AUTORELEASING = YES;
				CLANG_WARN_BOOL_CONVERSION = YES;
				CLANG_WARN_COMMA = YES;
				CLANG_WARN_CONSTANT_CONVERSION = YES;
				CLANG_WARN_DEPRECATED_OBJC_IMPLEMENTATIONS = YES;
				CLANG_WARN_DIRECT_OBJC_ISA_USAGE = YES_ERROR;
				CLANG_WARN_DOCUMENTATION_COMMENTS = YES;
				CLANG_WARN_EMPTY_BODY = YES;
				CLANG_WARN_ENUM_CONVERSION = YES;
				CLANG_WARN_INFINITE_RECURSION = YES;
				CLANG_WARN_INT_CONVERSION = YES;
				CLANG_WARN_NON_LITERAL_NULL_CONVERSION = YES;
				CLANG_WARN_OBJC_IMPLICIT_RETAIN_SELF = YES;
				CLANG_WARN_OBJC_LITERAL_CONVERSION = YES;
				CLANG_WARN_OBJC_ROOT_CLASS = YES_ERROR;
				CLANG_WARN_QUOTED_INCLUDE_IN_FRAMEWORK_HEADER = YES;
				CLANG_WARN_RANGE_LOOP_ANALYSIS = YES;
				CLANG_WARN_STRICT_PROTOTYPES = YES;
				CLANG_WARN_SUSPICIOUS_MOVE = YES;
				CLANG_WARN_UNGUARDED_AVAILABILITY = YES_AGGRESSIVE;
				CLANG_WARN_UNREACHABLE_CODE = YES;
				CLANG_WARN__DUPLICATE_METHOD_MATCH = YES;
				COPY_PHASE_STRIP = NO;
				DEBUG_INFORMATION_FORMAT = "dwarf-with-dsym";
				ENABLE_NS_ASSERTIONS = NO;
				ENABLE_STRICT_OBJC_MSGSEND = YES;
				ENABLE_USER_SCRIPT_SANDBOXING = YES;
				GCC_C_LANGUAGE_STANDARD = gnu17;
				GCC_NO_COMMON_BLOCKS = YES;
				GCC_WARN_64_TO_32_BIT_CONVERSION = YES;
				GCC_WARN_ABOUT_RETURN_TYPE = YES_ERROR;
				GCC_WARN_UNDECLARED_SELECTOR = YES;
				GCC_WARN_UNINITIALIZED_AUTOS = YES_AGGRESSIVE;
				GCC_WARN_UNUSED_FUNCTION = YES;
				GCC_WARN_UNUSED_VARIABLE = YES;
				IPHONEOS_DEPLOYMENT_TARGET = 17.4;
				LOCALIZATION_PREFERS_STRING_CATALOGS = YES;
				MTL_ENABLE_DEBUG_INFO = NO;
				MTL_FAST_MATH = YES;
				SDKROOT = iphoneos;
				SWIFT_COMPILATION_MODE = wholemodule;
				VALIDATE_PRODUCT = YES;
			};
			name = Release;
		};
		99008CEE2C6C985500DC836C /* Debug */ = {
			isa = XCBuildConfiguration;
			buildSettings = {
				ASSETCATALOG_COMPILER_APPICON_NAME = AppIcon;
				ASSETCATALOG_COMPILER_GLOBAL_ACCENT_COLOR_NAME = AccentColor;
				CODE_SIGN_STYLE = Automatic;
				CURRENT_PROJECT_VERSION = 1;
				DEBUG_INFORMATION_FORMAT = "dwarf-with-dsym";
				DEVELOPMENT_TEAM = Y2VDXSZQ3M;
				GENERATE_INFOPLIST_FILE = YES;
				INFOPLIST_FILE = UniFormLife/Info.plist;
				INFOPLIST_KEY_UIApplicationSupportsIndirectInputEvents = YES;
				INFOPLIST_KEY_UILaunchStoryboardName = LaunchScreen;
				INFOPLIST_KEY_UISupportedInterfaceOrientations = UIInterfaceOrientationPortrait;
				INFOPLIST_KEY_UISupportedInterfaceOrientations_iPad = "";
				IPHONEOS_DEPLOYMENT_TARGET = 16.0;
				LD_RUNPATH_SEARCH_PATHS = (
					"$(inherited)",
					"@executable_path/Frameworks",
				);
				MARKETING_VERSION = 1.0;
				PRODUCT_BUNDLE_IDENTIFIER = com.yun.UniFormLife;
				PRODUCT_NAME = "$(TARGET_NAME)";
				SUPPORTED_PLATFORMS = "iphoneos iphonesimulator";
				SUPPORTS_MACCATALYST = NO;
				SUPPORTS_MAC_DESIGNED_FOR_IPHONE_IPAD = NO;
				SUPPORTS_XR_DESIGNED_FOR_IPHONE_IPAD = NO;
				SWIFT_EMIT_LOC_STRINGS = YES;
				SWIFT_VERSION = 5.0;
				TARGETED_DEVICE_FAMILY = 1;
			};
			name = Debug;
		};
		99008CEF2C6C985500DC836C /* Release */ = {
			isa = XCBuildConfiguration;
			buildSettings = {
				ASSETCATALOG_COMPILER_APPICON_NAME = AppIcon;
				ASSETCATALOG_COMPILER_GLOBAL_ACCENT_COLOR_NAME = AccentColor;
				CODE_SIGN_STYLE = Automatic;
				CURRENT_PROJECT_VERSION = 1;
				DEVELOPMENT_TEAM = Y2VDXSZQ3M;
				GENERATE_INFOPLIST_FILE = YES;
				INFOPLIST_FILE = UniFormLife/Info.plist;
				INFOPLIST_KEY_UIApplicationSupportsIndirectInputEvents = YES;
				INFOPLIST_KEY_UILaunchStoryboardName = LaunchScreen;
				INFOPLIST_KEY_UISupportedInterfaceOrientations = UIInterfaceOrientationPortrait;
				INFOPLIST_KEY_UISupportedInterfaceOrientations_iPad = "";
				IPHONEOS_DEPLOYMENT_TARGET = 16.0;
				LD_RUNPATH_SEARCH_PATHS = (
					"$(inherited)",
					"@executable_path/Frameworks",
				);
				MARKETING_VERSION = 1.0;
				PRODUCT_BUNDLE_IDENTIFIER = com.yun.UniFormLife;
				PRODUCT_NAME = "$(TARGET_NAME)";
				SUPPORTED_PLATFORMS = "iphoneos iphonesimulator";
				SUPPORTS_MACCATALYST = NO;
				SUPPORTS_MAC_DESIGNED_FOR_IPHONE_IPAD = NO;
				SUPPORTS_XR_DESIGNED_FOR_IPHONE_IPAD = NO;
				SWIFT_EMIT_LOC_STRINGS = YES;
				SWIFT_VERSION = 5.0;
				TARGETED_DEVICE_FAMILY = 1;
			};
			name = Release;
		};
/* End XCBuildConfiguration section */

/* Begin XCConfigurationList section */
		99008CD42C6C985300DC836C /* Build configuration list for PBXProject "UniFormLife" */ = {
			isa = XCConfigurationList;
			buildConfigurations = (
				99008CEB2C6C985500DC836C /* Debug */,
				99008CEC2C6C985500DC836C /* Release */,
			);
			defaultConfigurationIsVisible = 0;
			defaultConfigurationName = Release;
		};
		99008CED2C6C985500DC836C /* Build configuration list for PBXNativeTarget "UniFormLife" */ = {
			isa = XCConfigurationList;
			buildConfigurations = (
				99008CEE2C6C985500DC836C /* Debug */,
				99008CEF2C6C985500DC836C /* Release */,
			);
			defaultConfigurationIsVisible = 0;
			defaultConfigurationName = Release;
		};
/* End XCConfigurationList section */

/* Begin XCRemoteSwiftPackageReference section */
		99008D122C6D95A400DC836C /* XCRemoteSwiftPackageReference "RxSwift" */ = {
			isa = XCRemoteSwiftPackageReference;
			repositoryURL = "https://github.com/ReactiveX/RxSwift.git";
			requirement = {
				kind = upToNextMajorVersion;
				minimumVersion = 6.7.1;
			};
		};
		99008D172C6D95B300DC836C /* XCRemoteSwiftPackageReference "Alamofire" */ = {
			isa = XCRemoteSwiftPackageReference;
			repositoryURL = "https://github.com/Alamofire/Alamofire.git";
			requirement = {
				kind = upToNextMajorVersion;
				minimumVersion = 5.9.1;
			};
		};
		99008D1A2C6D95BC00DC836C /* XCRemoteSwiftPackageReference "SnapKit" */ = {
			isa = XCRemoteSwiftPackageReference;
			repositoryURL = "https://github.com/SnapKit/SnapKit.git";
			requirement = {
				kind = upToNextMajorVersion;
				minimumVersion = 5.7.1;
			};
		};
		99008D1D2C6D95CF00DC836C /* XCRemoteSwiftPackageReference "Kingfisher" */ = {
			isa = XCRemoteSwiftPackageReference;
			repositoryURL = "https://github.com/onevcat/Kingfisher.git";
			requirement = {
				kind = upToNextMajorVersion;
				minimumVersion = 7.12.0;
			};
		};
		99008D202C6D95DA00DC836C /* XCRemoteSwiftPackageReference "Toast-Swift" */ = {
			isa = XCRemoteSwiftPackageReference;
			repositoryURL = "https://github.com/scalessec/Toast-Swift.git";
			requirement = {
				kind = upToNextMajorVersion;
				minimumVersion = 5.1.1;
			};
		};
		992F6BBD2C79ABC200C59543 /* XCRemoteSwiftPackageReference "Then" */ = {
			isa = XCRemoteSwiftPackageReference;
			repositoryURL = "https://github.com/devxoul/Then.git";
			requirement = {
				kind = upToNextMajorVersion;
				minimumVersion = 3.0.0;
			};
		};
		9959C7172C744661006208CA /* XCRemoteSwiftPackageReference "firebase-ios-sdk" */ = {
			isa = XCRemoteSwiftPackageReference;
			repositoryURL = "https://github.com/firebase/firebase-ios-sdk";
			requirement = {
				kind = upToNextMajorVersion;
				minimumVersion = 11.1.0;
			};
		};
/* End XCRemoteSwiftPackageReference section */

/* Begin XCSwiftPackageProductDependency section */
		99008D672C716E5D00DC836C /* Alamofire */ = {
			isa = XCSwiftPackageProductDependency;
			package = 99008D172C6D95B300DC836C /* XCRemoteSwiftPackageReference "Alamofire" */;
			productName = Alamofire;
		};
		99008D692C716E6600DC836C /* SnapKit */ = {
			isa = XCSwiftPackageProductDependency;
			package = 99008D1A2C6D95BC00DC836C /* XCRemoteSwiftPackageReference "SnapKit" */;
			productName = SnapKit;
		};
		99008D6B2C716E7500DC836C /* RxCocoa */ = {
			isa = XCSwiftPackageProductDependency;
			package = 99008D122C6D95A400DC836C /* XCRemoteSwiftPackageReference "RxSwift" */;
			productName = RxCocoa;
		};
		99008D6D2C716E7500DC836C /* RxSwift */ = {
			isa = XCSwiftPackageProductDependency;
			package = 99008D122C6D95A400DC836C /* XCRemoteSwiftPackageReference "RxSwift" */;
			productName = RxSwift;
		};
		99008D6F2C716E8300DC836C /* Kingfisher */ = {
			isa = XCSwiftPackageProductDependency;
			package = 99008D1D2C6D95CF00DC836C /* XCRemoteSwiftPackageReference "Kingfisher" */;
			productName = Kingfisher;
		};
		992F6BBE2C79ABC200C59543 /* Then */ = {
			isa = XCSwiftPackageProductDependency;
			package = 992F6BBD2C79ABC200C59543 /* XCRemoteSwiftPackageReference "Then" */;
			productName = Then;
		};
		9959C7182C744661006208CA /* FirebaseAnalyticsWithoutAdIdSupport */ = {
			isa = XCSwiftPackageProductDependency;
			package = 9959C7172C744661006208CA /* XCRemoteSwiftPackageReference "firebase-ios-sdk" */;
			productName = FirebaseAnalyticsWithoutAdIdSupport;
		};
		9959C71A2C744661006208CA /* FirebaseCrashlytics */ = {
			isa = XCSwiftPackageProductDependency;
			package = 9959C7172C744661006208CA /* XCRemoteSwiftPackageReference "firebase-ios-sdk" */;
			productName = FirebaseCrashlytics;
		};
/* End XCSwiftPackageProductDependency section */
	};
	rootObject = 99008CD12C6C985300DC836C /* Project object */;
}
