// !$*UTF8*$!
{
	archiveVersion = 1;
	classes = {
	};
	objectVersion = 56;
	objects = {

/* Begin PBXBuildFile section */
		99008CDD2C6C985300DC836C /* AppDelegate.swift in Sources */ = {isa = PBXBuildFile; fileRef = 99008CDC2C6C985300DC836C /* AppDelegate.swift */; };
		99008CDF2C6C985300DC836C /* SceneDelegate.swift in Sources */ = {isa = PBXBuildFile; fileRef = 99008CDE2C6C985300DC836C /* SceneDelegate.swift */; };
		99008CE12C6C985300DC836C /* ViewController.swift in Sources */ = {isa = PBXBuildFile; fileRef = 99008CE02C6C985300DC836C /* ViewController.swift */; };
		99008CE62C6C985500DC836C /* Assets.xcassets in Resources */ = {isa = PBXBuildFile; fileRef = 99008CE52C6C985500DC836C /* Assets.xcassets */; };
		99008CE92C6C985500DC836C /* Base in Resources */ = {isa = PBXBuildFile; fileRef = 99008CE82C6C985500DC836C /* Base */; };
		99008CF52C6C9A7100DC836C /* BaseViewController.swift in Sources */ = {isa = PBXBuildFile; fileRef = 99008CF42C6C9A7100DC836C /* BaseViewController.swift */; };
		99008CF72C6C9A8900DC836C /* BaseTableViewCell.swift in Sources */ = {isa = PBXBuildFile; fileRef = 99008CF62C6C9A8900DC836C /* BaseTableViewCell.swift */; };
		99008CF92C6C9AB300DC836C /* BaseCollectionViewCell.swift in Sources */ = {isa = PBXBuildFile; fileRef = 99008CF82C6C9AB300DC836C /* BaseCollectionViewCell.swift */; };
		99008CFC2C6C9B3100DC836C /* InputOutputViewModel.swift in Sources */ = {isa = PBXBuildFile; fileRef = 99008CFB2C6C9B3100DC836C /* InputOutputViewModel.swift */; };
		99008CFF2C6C9B8600DC836C /* UIViewController+Extension.swift in Sources */ = {isa = PBXBuildFile; fileRef = 99008CFE2C6C9B8600DC836C /* UIViewController+Extension.swift */; };
		99008D012C6C9DBA00DC836C /* .gitignore in Resources */ = {isa = PBXBuildFile; fileRef = 99008D002C6C9DBA00DC836C /* .gitignore */; };
		99008D032C6C9DD600DC836C /* APIKey.swift in Sources */ = {isa = PBXBuildFile; fileRef = 99008D022C6C9DD600DC836C /* APIKey.swift */; };
		99008D052C6C9E5900DC836C /* ReuseIdentifier.swift in Sources */ = {isa = PBXBuildFile; fileRef = 99008D042C6C9E5900DC836C /* ReuseIdentifier.swift */; };
		99008D072C6C9ED700DC836C /* UIColor+Extension.swift in Sources */ = {isa = PBXBuildFile; fileRef = 99008D062C6C9ED700DC836C /* UIColor+Extension.swift */; };
/* End PBXBuildFile section */

/* Begin PBXFileReference section */
		99008CD92C6C985300DC836C /* UniFormLife.app */ = {isa = PBXFileReference; explicitFileType = wrapper.application; includeInIndex = 0; path = UniFormLife.app; sourceTree = BUILT_PRODUCTS_DIR; };
		99008CDC2C6C985300DC836C /* AppDelegate.swift */ = {isa = PBXFileReference; lastKnownFileType = sourcecode.swift; path = AppDelegate.swift; sourceTree = "<group>"; };
		99008CDE2C6C985300DC836C /* SceneDelegate.swift */ = {isa = PBXFileReference; lastKnownFileType = sourcecode.swift; path = SceneDelegate.swift; sourceTree = "<group>"; };
		99008CE02C6C985300DC836C /* ViewController.swift */ = {isa = PBXFileReference; lastKnownFileType = sourcecode.swift; path = ViewController.swift; sourceTree = "<group>"; };
		99008CE52C6C985500DC836C /* Assets.xcassets */ = {isa = PBXFileReference; lastKnownFileType = folder.assetcatalog; path = Assets.xcassets; sourceTree = "<group>"; };
		99008CE82C6C985500DC836C /* Base */ = {isa = PBXFileReference; lastKnownFileType = file.storyboard; name = Base; path = Base.lproj/LaunchScreen.storyboard; sourceTree = "<group>"; };
		99008CEA2C6C985500DC836C /* Info.plist */ = {isa = PBXFileReference; lastKnownFileType = text.plist.xml; path = Info.plist; sourceTree = "<group>"; };
		99008CF42C6C9A7100DC836C /* BaseViewController.swift */ = {isa = PBXFileReference; lastKnownFileType = sourcecode.swift; path = BaseViewController.swift; sourceTree = "<group>"; };
		99008CF62C6C9A8900DC836C /* BaseTableViewCell.swift */ = {isa = PBXFileReference; lastKnownFileType = sourcecode.swift; path = BaseTableViewCell.swift; sourceTree = "<group>"; };
		99008CF82C6C9AB300DC836C /* BaseCollectionViewCell.swift */ = {isa = PBXFileReference; lastKnownFileType = sourcecode.swift; path = BaseCollectionViewCell.swift; sourceTree = "<group>"; };
		99008CFB2C6C9B3100DC836C /* InputOutputViewModel.swift */ = {isa = PBXFileReference; lastKnownFileType = sourcecode.swift; path = InputOutputViewModel.swift; sourceTree = "<group>"; };
		99008CFE2C6C9B8600DC836C /* UIViewController+Extension.swift */ = {isa = PBXFileReference; lastKnownFileType = sourcecode.swift; path = "UIViewController+Extension.swift"; sourceTree = "<group>"; };
		99008D002C6C9DBA00DC836C /* .gitignore */ = {isa = PBXFileReference; lastKnownFileType = text; path = .gitignore; sourceTree = "<group>"; };
		99008D022C6C9DD600DC836C /* APIKey.swift */ = {isa = PBXFileReference; lastKnownFileType = sourcecode.swift; path = APIKey.swift; sourceTree = "<group>"; };
		99008D042C6C9E5900DC836C /* ReuseIdentifier.swift */ = {isa = PBXFileReference; lastKnownFileType = sourcecode.swift; path = ReuseIdentifier.swift; sourceTree = "<group>"; };
		99008D062C6C9ED700DC836C /* UIColor+Extension.swift */ = {isa = PBXFileReference; lastKnownFileType = sourcecode.swift; path = "UIColor+Extension.swift"; sourceTree = "<group>"; };
/* End PBXFileReference section */

/* Begin PBXFrameworksBuildPhase section */
		99008CD62C6C985300DC836C /* Frameworks */ = {
			isa = PBXFrameworksBuildPhase;
			buildActionMask = 2147483647;
			files = (
			);
			runOnlyForDeploymentPostprocessing = 0;
		};
/* End PBXFrameworksBuildPhase section */

/* Begin PBXGroup section */
		99008CD02C6C985300DC836C = {
			isa = PBXGroup;
			children = (
				99008D002C6C9DBA00DC836C /* .gitignore */,
				99008CDB2C6C985300DC836C /* UniFormLife */,
				99008CDA2C6C985300DC836C /* Products */,
			);
			sourceTree = "<group>";
		};
		99008CDA2C6C985300DC836C /* Products */ = {
			isa = PBXGroup;
			children = (
				99008CD92C6C985300DC836C /* UniFormLife.app */,
			);
			name = Products;
			sourceTree = "<group>";
		};
		99008CDB2C6C985300DC836C /* UniFormLife */ = {
			isa = PBXGroup;
			children = (
				99008CFD2C6C9B7A00DC836C /* Extension */,
				99008CFA2C6C9B0F00DC836C /* Protocol */,
				99008CF02C6C9A4600DC836C /* Base */,
				99008CDC2C6C985300DC836C /* AppDelegate.swift */,
				99008CDE2C6C985300DC836C /* SceneDelegate.swift */,
				99008CE02C6C985300DC836C /* ViewController.swift */,
				99008CE52C6C985500DC836C /* Assets.xcassets */,
				99008CE72C6C985500DC836C /* LaunchScreen.storyboard */,
				99008CEA2C6C985500DC836C /* Info.plist */,
				99008D022C6C9DD600DC836C /* APIKey.swift */,
			);
			path = UniFormLife;
			sourceTree = "<group>";
		};
		99008CF02C6C9A4600DC836C /* Base */ = {
			isa = PBXGroup;
			children = (
				99008CF42C6C9A7100DC836C /* BaseViewController.swift */,
				99008CF62C6C9A8900DC836C /* BaseTableViewCell.swift */,
				99008CF82C6C9AB300DC836C /* BaseCollectionViewCell.swift */,
			);
			path = Base;
			sourceTree = "<group>";
		};
		99008CFA2C6C9B0F00DC836C /* Protocol */ = {
			isa = PBXGroup;
			children = (
				99008CFB2C6C9B3100DC836C /* InputOutputViewModel.swift */,
			);
			path = Protocol;
			sourceTree = "<group>";
		};
		99008CFD2C6C9B7A00DC836C /* Extension */ = {
			isa = PBXGroup;
			children = (
				99008CFE2C6C9B8600DC836C /* UIViewController+Extension.swift */,
				99008D042C6C9E5900DC836C /* ReuseIdentifier.swift */,
				99008D062C6C9ED700DC836C /* UIColor+Extension.swift */,
			);
			path = Extension;
			sourceTree = "<group>";
		};
/* End PBXGroup section */

/* Begin PBXNativeTarget section */
		99008CD82C6C985300DC836C /* UniFormLife */ = {
			isa = PBXNativeTarget;
			buildConfigurationList = 99008CED2C6C985500DC836C /* Build configuration list for PBXNativeTarget "UniFormLife" */;
			buildPhases = (
				99008CD52C6C985300DC836C /* Sources */,
				99008CD62C6C985300DC836C /* Frameworks */,
				99008CD72C6C985300DC836C /* Resources */,
			);
			buildRules = (
			);
			dependencies = (
			);
			name = UniFormLife;
			productName = UniFormLife;
			productReference = 99008CD92C6C985300DC836C /* UniFormLife.app */;
			productType = "com.apple.product-type.application";
		};
/* End PBXNativeTarget section */

/* Begin PBXProject section */
		99008CD12C6C985300DC836C /* Project object */ = {
			isa = PBXProject;
			attributes = {
				BuildIndependentTargetsInParallel = 1;
				LastSwiftUpdateCheck = 1530;
				LastUpgradeCheck = 1530;
				TargetAttributes = {
					99008CD82C6C985300DC836C = {
						CreatedOnToolsVersion = 15.3;
					};
				};
			};
			buildConfigurationList = 99008CD42C6C985300DC836C /* Build configuration list for PBXProject "UniFormLife" */;
			compatibilityVersion = "Xcode 14.0";
			developmentRegion = en;
			hasScannedForEncodings = 0;
			knownRegions = (
				en,
				Base,
			);
			mainGroup = 99008CD02C6C985300DC836C;
			productRefGroup = 99008CDA2C6C985300DC836C /* Products */;
			projectDirPath = "";
			projectRoot = "";
			targets = (
				99008CD82C6C985300DC836C /* UniFormLife */,
			);
		};
/* End PBXProject section */

/* Begin PBXResourcesBuildPhase section */
		99008CD72C6C985300DC836C /* Resources */ = {
			isa = PBXResourcesBuildPhase;
			buildActionMask = 2147483647;
			files = (
				99008CE62C6C985500DC836C /* Assets.xcassets in Resources */,
				99008D012C6C9DBA00DC836C /* .gitignore in Resources */,
				99008CE92C6C985500DC836C /* Base in Resources */,
			);
			runOnlyForDeploymentPostprocessing = 0;
		};
/* End PBXResourcesBuildPhase section */

/* Begin PBXSourcesBuildPhase section */
		99008CD52C6C985300DC836C /* Sources */ = {
			isa = PBXSourcesBuildPhase;
			buildActionMask = 2147483647;
			files = (
				99008CFF2C6C9B8600DC836C /* UIViewController+Extension.swift in Sources */,
				99008CE12C6C985300DC836C /* ViewController.swift in Sources */,
				99008CF52C6C9A7100DC836C /* BaseViewController.swift in Sources */,
				99008D072C6C9ED700DC836C /* UIColor+Extension.swift in Sources */,
				99008D052C6C9E5900DC836C /* ReuseIdentifier.swift in Sources */,
				99008CDD2C6C985300DC836C /* AppDelegate.swift in Sources */,
				99008CFC2C6C9B3100DC836C /* InputOutputViewModel.swift in Sources */,
				99008CF72C6C9A8900DC836C /* BaseTableViewCell.swift in Sources */,
				99008CDF2C6C985300DC836C /* SceneDelegate.swift in Sources */,
				99008D032C6C9DD600DC836C /* APIKey.swift in Sources */,
				99008CF92C6C9AB300DC836C /* BaseCollectionViewCell.swift in Sources */,
			);
			runOnlyForDeploymentPostprocessing = 0;
		};
/* End PBXSourcesBuildPhase section */

/* Begin PBXVariantGroup section */
		99008CE72C6C985500DC836C /* LaunchScreen.storyboard */ = {
			isa = PBXVariantGroup;
			children = (
				99008CE82C6C985500DC836C /* Base */,
			);
			name = LaunchScreen.storyboard;
			sourceTree = "<group>";
		};
/* End PBXVariantGroup section */

/* Begin XCBuildConfiguration section */
		99008CEB2C6C985500DC836C /* Debug */ = {
			isa = XCBuildConfiguration;
			buildSettings = {
				ALWAYS_SEARCH_USER_PATHS = NO;
				ASSETCATALOG_COMPILER_GENERATE_SWIFT_ASSET_SYMBOL_EXTENSIONS = YES;
				CLANG_ANALYZER_NONNULL = YES;
				CLANG_ANALYZER_NUMBER_OBJECT_CONVERSION = YES_AGGRESSIVE;
				CLANG_CXX_LANGUAGE_STANDARD = "gnu++20";
				CLANG_ENABLE_MODULES = YES;
				CLANG_ENABLE_OBJC_ARC = YES;
				CLANG_ENABLE_OBJC_WEAK = YES;
				CLANG_WARN_BLOCK_CAPTURE_AUTORELEASING = YES;
				CLANG_WARN_BOOL_CONVERSION = YES;
				CLANG_WARN_COMMA = YES;
				CLANG_WARN_CONSTANT_CONVERSION = YES;
				CLANG_WARN_DEPRECATED_OBJC_IMPLEMENTATIONS = YES;
				CLANG_WARN_DIRECT_OBJC_ISA_USAGE = YES_ERROR;
				CLANG_WARN_DOCUMENTATION_COMMENTS = YES;
				CLANG_WARN_EMPTY_BODY = YES;
				CLANG_WARN_ENUM_CONVERSION = YES;
				CLANG_WARN_INFINITE_RECURSION = YES;
				CLANG_WARN_INT_CONVERSION = YES;
				CLANG_WARN_NON_LITERAL_NULL_CONVERSION = YES;
				CLANG_WARN_OBJC_IMPLICIT_RETAIN_SELF = YES;
				CLANG_WARN_OBJC_LITERAL_CONVERSION = YES;
				CLANG_WARN_OBJC_ROOT_CLASS = YES_ERROR;
				CLANG_WARN_QUOTED_INCLUDE_IN_FRAMEWORK_HEADER = YES;
				CLANG_WARN_RANGE_LOOP_ANALYSIS = YES;
				CLANG_WARN_STRICT_PROTOTYPES = YES;
				CLANG_WARN_SUSPICIOUS_MOVE = YES;
				CLANG_WARN_UNGUARDED_AVAILABILITY = YES_AGGRESSIVE;
				CLANG_WARN_UNREACHABLE_CODE = YES;
				CLANG_WARN__DUPLICATE_METHOD_MATCH = YES;
				COPY_PHASE_STRIP = NO;
				DEBUG_INFORMATION_FORMAT = dwarf;
				ENABLE_STRICT_OBJC_MSGSEND = YES;
				ENABLE_TESTABILITY = YES;
				ENABLE_USER_SCRIPT_SANDBOXING = YES;
				GCC_C_LANGUAGE_STANDARD = gnu17;
				GCC_DYNAMIC_NO_PIC = NO;
				GCC_NO_COMMON_BLOCKS = YES;
				GCC_OPTIMIZATION_LEVEL = 0;
				GCC_PREPROCESSOR_DEFINITIONS = (
					"DEBUG=1",
					"$(inherited)",
				);
				GCC_WARN_64_TO_32_BIT_CONVERSION = YES;
				GCC_WARN_ABOUT_RETURN_TYPE = YES_ERROR;
				GCC_WARN_UNDECLARED_SELECTOR = YES;
				GCC_WARN_UNINITIALIZED_AUTOS = YES_AGGRESSIVE;
				GCC_WARN_UNUSED_FUNCTION = YES;
				GCC_WARN_UNUSED_VARIABLE = YES;
				IPHONEOS_DEPLOYMENT_TARGET = 17.4;
				LOCALIZATION_PREFERS_STRING_CATALOGS = YES;
				MTL_ENABLE_DEBUG_INFO = INCLUDE_SOURCE;
				MTL_FAST_MATH = YES;
				ONLY_ACTIVE_ARCH = YES;
				SDKROOT = iphoneos;
				SWIFT_ACTIVE_COMPILATION_CONDITIONS = "DEBUG $(inherited)";
				SWIFT_OPTIMIZATION_LEVEL = "-Onone";
			};
			name = Debug;
		};
		99008CEC2C6C985500DC836C /* Release */ = {
			isa = XCBuildConfiguration;
			buildSettings = {
				ALWAYS_SEARCH_USER_PATHS = NO;
				ASSETCATALOG_COMPILER_GENERATE_SWIFT_ASSET_SYMBOL_EXTENSIONS = YES;
				CLANG_ANALYZER_NONNULL = YES;
				CLANG_ANALYZER_NUMBER_OBJECT_CONVERSION = YES_AGGRESSIVE;
				CLANG_CXX_LANGUAGE_STANDARD = "gnu++20";
				CLANG_ENABLE_MODULES = YES;
				CLANG_ENABLE_OBJC_ARC = YES;
				CLANG_ENABLE_OBJC_WEAK = YES;
				CLANG_WARN_BLOCK_CAPTURE_AUTORELEASING = YES;
				CLANG_WARN_BOOL_CONVERSION = YES;
				CLANG_WARN_COMMA = YES;
				CLANG_WARN_CONSTANT_CONVERSION = YES;
				CLANG_WARN_DEPRECATED_OBJC_IMPLEMENTATIONS = YES;
				CLANG_WARN_DIRECT_OBJC_ISA_USAGE = YES_ERROR;
				CLANG_WARN_DOCUMENTATION_COMMENTS = YES;
				CLANG_WARN_EMPTY_BODY = YES;
				CLANG_WARN_ENUM_CONVERSION = YES;
				CLANG_WARN_INFINITE_RECURSION = YES;
				CLANG_WARN_INT_CONVERSION = YES;
				CLANG_WARN_NON_LITERAL_NULL_CONVERSION = YES;
				CLANG_WARN_OBJC_IMPLICIT_RETAIN_SELF = YES;
				CLANG_WARN_OBJC_LITERAL_CONVERSION = YES;
				CLANG_WARN_OBJC_ROOT_CLASS = YES_ERROR;
				CLANG_WARN_QUOTED_INCLUDE_IN_FRAMEWORK_HEADER = YES;
				CLANG_WARN_RANGE_LOOP_ANALYSIS = YES;
				CLANG_WARN_STRICT_PROTOTYPES = YES;
				CLANG_WARN_SUSPICIOUS_MOVE = YES;
				CLANG_WARN_UNGUARDED_AVAILABILITY = YES_AGGRESSIVE;
				CLANG_WARN_UNREACHABLE_CODE = YES;
				CLANG_WARN__DUPLICATE_METHOD_MATCH = YES;
				COPY_PHASE_STRIP = NO;
				DEBUG_INFORMATION_FORMAT = "dwarf-with-dsym";
				ENABLE_NS_ASSERTIONS = NO;
				ENABLE_STRICT_OBJC_MSGSEND = YES;
				ENABLE_USER_SCRIPT_SANDBOXING = YES;
				GCC_C_LANGUAGE_STANDARD = gnu17;
				GCC_NO_COMMON_BLOCKS = YES;
				GCC_WARN_64_TO_32_BIT_CONVERSION = YES;
				GCC_WARN_ABOUT_RETURN_TYPE = YES_ERROR;
				GCC_WARN_UNDECLARED_SELECTOR = YES;
				GCC_WARN_UNINITIALIZED_AUTOS = YES_AGGRESSIVE;
				GCC_WARN_UNUSED_FUNCTION = YES;
				GCC_WARN_UNUSED_VARIABLE = YES;
				IPHONEOS_DEPLOYMENT_TARGET = 17.4;
				LOCALIZATION_PREFERS_STRING_CATALOGS = YES;
				MTL_ENABLE_DEBUG_INFO = NO;
				MTL_FAST_MATH = YES;
				SDKROOT = iphoneos;
				SWIFT_COMPILATION_MODE = wholemodule;
				VALIDATE_PRODUCT = YES;
			};
			name = Release;
		};
		99008CEE2C6C985500DC836C /* Debug */ = {
			isa = XCBuildConfiguration;
			buildSettings = {
				ASSETCATALOG_COMPILER_APPICON_NAME = AppIcon;
				ASSETCATALOG_COMPILER_GLOBAL_ACCENT_COLOR_NAME = AccentColor;
				CODE_SIGN_STYLE = Automatic;
				CURRENT_PROJECT_VERSION = 1;
				DEVELOPMENT_TEAM = Y2VDXSZQ3M;
				GENERATE_INFOPLIST_FILE = YES;
				INFOPLIST_FILE = UniFormLife/Info.plist;
				INFOPLIST_KEY_UIApplicationSupportsIndirectInputEvents = YES;
				INFOPLIST_KEY_UILaunchStoryboardName = LaunchScreen;
				INFOPLIST_KEY_UISupportedInterfaceOrientations = UIInterfaceOrientationPortrait;
				INFOPLIST_KEY_UISupportedInterfaceOrientations_iPad = "";
				IPHONEOS_DEPLOYMENT_TARGET = 15.0;
				LD_RUNPATH_SEARCH_PATHS = (
					"$(inherited)",
					"@executable_path/Frameworks",
				);
				MARKETING_VERSION = 1.0;
				PRODUCT_BUNDLE_IDENTIFIER = com.yun.UniFormLife;
				PRODUCT_NAME = "$(TARGET_NAME)";
				SUPPORTED_PLATFORMS = "iphoneos iphonesimulator";
				SUPPORTS_MACCATALYST = NO;
				SUPPORTS_MAC_DESIGNED_FOR_IPHONE_IPAD = NO;
				SUPPORTS_XR_DESIGNED_FOR_IPHONE_IPAD = NO;
				SWIFT_EMIT_LOC_STRINGS = YES;
				SWIFT_VERSION = 5.0;
				TARGETED_DEVICE_FAMILY = 1;
			};
			name = Debug;
		};
		99008CEF2C6C985500DC836C /* Release */ = {
			isa = XCBuildConfiguration;
			buildSettings = {
				ASSETCATALOG_COMPILER_APPICON_NAME = AppIcon;
				ASSETCATALOG_COMPILER_GLOBAL_ACCENT_COLOR_NAME = AccentColor;
				CODE_SIGN_STYLE = Automatic;
				CURRENT_PROJECT_VERSION = 1;
				DEVELOPMENT_TEAM = Y2VDXSZQ3M;
				GENERATE_INFOPLIST_FILE = YES;
				INFOPLIST_FILE = UniFormLife/Info.plist;
				INFOPLIST_KEY_UIApplicationSupportsIndirectInputEvents = YES;
				INFOPLIST_KEY_UILaunchStoryboardName = LaunchScreen;
				INFOPLIST_KEY_UISupportedInterfaceOrientations = UIInterfaceOrientationPortrait;
				INFOPLIST_KEY_UISupportedInterfaceOrientations_iPad = "";
				IPHONEOS_DEPLOYMENT_TARGET = 15.0;
				LD_RUNPATH_SEARCH_PATHS = (
					"$(inherited)",
					"@executable_path/Frameworks",
				);
				MARKETING_VERSION = 1.0;
				PRODUCT_BUNDLE_IDENTIFIER = com.yun.UniFormLife;
				PRODUCT_NAME = "$(TARGET_NAME)";
				SUPPORTED_PLATFORMS = "iphoneos iphonesimulator";
				SUPPORTS_MACCATALYST = NO;
				SUPPORTS_MAC_DESIGNED_FOR_IPHONE_IPAD = NO;
				SUPPORTS_XR_DESIGNED_FOR_IPHONE_IPAD = NO;
				SWIFT_EMIT_LOC_STRINGS = YES;
				SWIFT_VERSION = 5.0;
				TARGETED_DEVICE_FAMILY = 1;
			};
			name = Release;
		};
/* End XCBuildConfiguration section */

/* Begin XCConfigurationList section */
		99008CD42C6C985300DC836C /* Build configuration list for PBXProject "UniFormLife" */ = {
			isa = XCConfigurationList;
			buildConfigurations = (
				99008CEB2C6C985500DC836C /* Debug */,
				99008CEC2C6C985500DC836C /* Release */,
			);
			defaultConfigurationIsVisible = 0;
			defaultConfigurationName = Release;
		};
		99008CED2C6C985500DC836C /* Build configuration list for PBXNativeTarget "UniFormLife" */ = {
			isa = XCConfigurationList;
			buildConfigurations = (
				99008CEE2C6C985500DC836C /* Debug */,
				99008CEF2C6C985500DC836C /* Release */,
			);
			defaultConfigurationIsVisible = 0;
			defaultConfigurationName = Release;
		};
/* End XCConfigurationList section */
	};
	rootObject = 99008CD12C6C985300DC836C /* Project object */;
}
